// !$*UTF8*$!
{
	archiveVersion = 1;
	classes = {
	};
	objectVersion = 55;
	objects = {

/* Begin PBXBuildFile section */
		A30A529F286C630600781055 /* AppDelegate.swift in Sources */ = {isa = PBXBuildFile; fileRef = A30A529E286C630600781055 /* AppDelegate.swift */; };
		A30A52A1286C630600781055 /* SceneDelegate.swift in Sources */ = {isa = PBXBuildFile; fileRef = A30A52A0286C630600781055 /* SceneDelegate.swift */; };
		A30A52A3286C630600781055 /* CountryListViewController.swift in Sources */ = {isa = PBXBuildFile; fileRef = A30A52A2286C630600781055 /* CountryListViewController.swift */; };
		A30A52A9286C630600781055 /* FlatstackPractice.xcdatamodeld in Sources */ = {isa = PBXBuildFile; fileRef = A30A52A7286C630600781055 /* FlatstackPractice.xcdatamodeld */; };
		A30A52AB286C630800781055 /* Assets.xcassets in Resources */ = {isa = PBXBuildFile; fileRef = A30A52AA286C630800781055 /* Assets.xcassets */; };
		A30A52AE286C630800781055 /* LaunchScreen.storyboard in Resources */ = {isa = PBXBuildFile; fileRef = A30A52AC286C630800781055 /* LaunchScreen.storyboard */; };
		A30A52B9286C630900781055 /* FlatstackPracticeTests.swift in Sources */ = {isa = PBXBuildFile; fileRef = A30A52B8286C630900781055 /* FlatstackPracticeTests.swift */; };
		A30A52C3286C630900781055 /* FlatstackPracticeUITests.swift in Sources */ = {isa = PBXBuildFile; fileRef = A30A52C2286C630900781055 /* FlatstackPracticeUITests.swift */; };
		A30A52C5286C630900781055 /* FlatstackPracticeUITestsLaunchTests.swift in Sources */ = {isa = PBXBuildFile; fileRef = A30A52C4286C630900781055 /* FlatstackPracticeUITestsLaunchTests.swift */; };
		A30A52D3286C687800781055 /* Kingfisher in Frameworks */ = {isa = PBXBuildFile; productRef = A30A52D2286C687800781055 /* Kingfisher */; };
		A30A52D6286C697700781055 /* Country.swift in Sources */ = {isa = PBXBuildFile; fileRef = A30A52D5286C697700781055 /* Country.swift */; };
		A30A52D9286C6AED00781055 /* SwiftyJSON in Frameworks */ = {isa = PBXBuildFile; productRef = A30A52D8286C6AED00781055 /* SwiftyJSON */; };
		A30A52DC286C6B6400781055 /* SnapKit in Frameworks */ = {isa = PBXBuildFile; productRef = A30A52DB286C6B6400781055 /* SnapKit */; };
		A30A52DE286C6B9200781055 /* CountryList.swift in Sources */ = {isa = PBXBuildFile; fileRef = A30A52DD286C6B9200781055 /* CountryList.swift */; };
		A30A52E1286C6CFB00781055 /* CountryService.swift in Sources */ = {isa = PBXBuildFile; fileRef = A30A52E0286C6CFB00781055 /* CountryService.swift */; };
		A30A52E6286C6FE400781055 /* CountryListInteractor.swift in Sources */ = {isa = PBXBuildFile; fileRef = A30A52E5286C6FE400781055 /* CountryListInteractor.swift */; };
		A30A52E8286C6FFB00781055 /* CountryListPresenter.swift in Sources */ = {isa = PBXBuildFile; fileRef = A30A52E7286C6FFB00781055 /* CountryListPresenter.swift */; };
		A30A52EA286C702400781055 /* CountryListRouter.swift in Sources */ = {isa = PBXBuildFile; fileRef = A30A52E9286C702400781055 /* CountryListRouter.swift */; };
		A36091D828742F32001D65D7 /* Configuration.swift in Sources */ = {isa = PBXBuildFile; fileRef = A36091D728742F32001D65D7 /* Configuration.swift */; };
		A36091DD2876DA0B001D65D7 /* DetailsCountryViewController.swift in Sources */ = {isa = PBXBuildFile; fileRef = A36091DC2876DA0B001D65D7 /* DetailsCountryViewController.swift */; };
		A36091DF2876DA4A001D65D7 /* DetailsCountryInteractor.swift in Sources */ = {isa = PBXBuildFile; fileRef = A36091DE2876DA4A001D65D7 /* DetailsCountryInteractor.swift */; };
		A36091E12876DA59001D65D7 /* DetailsCountryPresenter.swift in Sources */ = {isa = PBXBuildFile; fileRef = A36091E02876DA59001D65D7 /* DetailsCountryPresenter.swift */; };
		A36091E32876DA6E001D65D7 /* DetailsCountryRouter.swift in Sources */ = {isa = PBXBuildFile; fileRef = A36091E22876DA6E001D65D7 /* DetailsCountryRouter.swift */; };
		A36091E52876DA82001D65D7 /* DetailsCountryAssembly.swift in Sources */ = {isa = PBXBuildFile; fileRef = A36091E42876DA82001D65D7 /* DetailsCountryAssembly.swift */; };
		A3AF9A82286D937300012648 /* CountryParser.swift in Sources */ = {isa = PBXBuildFile; fileRef = A3AF9A81286D937300012648 /* CountryParser.swift */; };
		A3AF9A84286D951100012648 /* CountryListAssembly.swift in Sources */ = {isa = PBXBuildFile; fileRef = A3AF9A83286D951100012648 /* CountryListAssembly.swift */; };
		A3AF9A86286D97B900012648 /* CountryInfo.swift in Sources */ = {isa = PBXBuildFile; fileRef = A3AF9A85286D97B900012648 /* CountryInfo.swift */; };
		A3AF9A88286D983F00012648 /* ListParser.swift in Sources */ = {isa = PBXBuildFile; fileRef = A3AF9A87286D983F00012648 /* ListParser.swift */; };
		A3AF9A8A286DBB9300012648 /* CountryInfoParser.swift in Sources */ = {isa = PBXBuildFile; fileRef = A3AF9A89286DBB9300012648 /* CountryInfoParser.swift */; };
		A3AF9A8C286E0B5F00012648 /* CountryListTableViewCell.swift in Sources */ = {isa = PBXBuildFile; fileRef = A3AF9A8B286E0B5E00012648 /* CountryListTableViewCell.swift */; };
		A3AF9A8F286F397200012648 /* page1.json in Resources */ = {isa = PBXBuildFile; fileRef = A3AF9A8E286F397200012648 /* page1.json */; };
		A3AF9A982872DFBF00012648 /* CountryListModels.swift in Sources */ = {isa = PBXBuildFile; fileRef = A3AF9A972872DFBF00012648 /* CountryListModels.swift */; };
/* End PBXBuildFile section */

/* Begin PBXContainerItemProxy section */
		A30A52B5286C630900781055 /* PBXContainerItemProxy */ = {
			isa = PBXContainerItemProxy;
			containerPortal = A30A5293286C630600781055 /* Project object */;
			proxyType = 1;
			remoteGlobalIDString = A30A529A286C630600781055;
			remoteInfo = FlatstackPractice;
		};
		A30A52BF286C630900781055 /* PBXContainerItemProxy */ = {
			isa = PBXContainerItemProxy;
			containerPortal = A30A5293286C630600781055 /* Project object */;
			proxyType = 1;
			remoteGlobalIDString = A30A529A286C630600781055;
			remoteInfo = FlatstackPractice;
		};
/* End PBXContainerItemProxy section */

/* Begin PBXFileReference section */
		A30A529B286C630600781055 /* FlatstackPractice.app */ = {isa = PBXFileReference; explicitFileType = wrapper.application; includeInIndex = 0; path = FlatstackPractice.app; sourceTree = BUILT_PRODUCTS_DIR; };
		A30A529E286C630600781055 /* AppDelegate.swift */ = {isa = PBXFileReference; lastKnownFileType = sourcecode.swift; path = AppDelegate.swift; sourceTree = "<group>"; };
		A30A52A0286C630600781055 /* SceneDelegate.swift */ = {isa = PBXFileReference; lastKnownFileType = sourcecode.swift; path = SceneDelegate.swift; sourceTree = "<group>"; };
		A30A52A2286C630600781055 /* CountryListViewController.swift */ = {isa = PBXFileReference; lastKnownFileType = sourcecode.swift; path = CountryListViewController.swift; sourceTree = "<group>"; };
		A30A52A8286C630600781055 /* FlatstackPractice.xcdatamodel */ = {isa = PBXFileReference; lastKnownFileType = wrapper.xcdatamodel; path = FlatstackPractice.xcdatamodel; sourceTree = "<group>"; };
		A30A52AA286C630800781055 /* Assets.xcassets */ = {isa = PBXFileReference; lastKnownFileType = folder.assetcatalog; path = Assets.xcassets; sourceTree = "<group>"; };
		A30A52AD286C630800781055 /* Base */ = {isa = PBXFileReference; lastKnownFileType = file.storyboard; name = Base; path = Base.lproj/LaunchScreen.storyboard; sourceTree = "<group>"; };
		A30A52AF286C630800781055 /* Info.plist */ = {isa = PBXFileReference; lastKnownFileType = text.plist.xml; path = Info.plist; sourceTree = "<group>"; };
		A30A52B4286C630900781055 /* FlatstackPracticeTests.xctest */ = {isa = PBXFileReference; explicitFileType = wrapper.cfbundle; includeInIndex = 0; path = FlatstackPracticeTests.xctest; sourceTree = BUILT_PRODUCTS_DIR; };
		A30A52B8286C630900781055 /* FlatstackPracticeTests.swift */ = {isa = PBXFileReference; lastKnownFileType = sourcecode.swift; path = FlatstackPracticeTests.swift; sourceTree = "<group>"; };
		A30A52BE286C630900781055 /* FlatstackPracticeUITests.xctest */ = {isa = PBXFileReference; explicitFileType = wrapper.cfbundle; includeInIndex = 0; path = FlatstackPracticeUITests.xctest; sourceTree = BUILT_PRODUCTS_DIR; };
		A30A52C2286C630900781055 /* FlatstackPracticeUITests.swift */ = {isa = PBXFileReference; lastKnownFileType = sourcecode.swift; path = FlatstackPracticeUITests.swift; sourceTree = "<group>"; };
		A30A52C4286C630900781055 /* FlatstackPracticeUITestsLaunchTests.swift */ = {isa = PBXFileReference; lastKnownFileType = sourcecode.swift; path = FlatstackPracticeUITestsLaunchTests.swift; sourceTree = "<group>"; };
		A30A52D5286C697700781055 /* Country.swift */ = {isa = PBXFileReference; lastKnownFileType = sourcecode.swift; path = Country.swift; sourceTree = "<group>"; };
		A30A52DD286C6B9200781055 /* CountryList.swift */ = {isa = PBXFileReference; lastKnownFileType = sourcecode.swift; path = CountryList.swift; sourceTree = "<group>"; };
		A30A52E0286C6CFB00781055 /* CountryService.swift */ = {isa = PBXFileReference; lastKnownFileType = sourcecode.swift; path = CountryService.swift; sourceTree = "<group>"; };
		A30A52E5286C6FE400781055 /* CountryListInteractor.swift */ = {isa = PBXFileReference; lastKnownFileType = sourcecode.swift; path = CountryListInteractor.swift; sourceTree = "<group>"; };
		A30A52E7286C6FFB00781055 /* CountryListPresenter.swift */ = {isa = PBXFileReference; lastKnownFileType = sourcecode.swift; path = CountryListPresenter.swift; sourceTree = "<group>"; };
		A30A52E9286C702400781055 /* CountryListRouter.swift */ = {isa = PBXFileReference; lastKnownFileType = sourcecode.swift; path = CountryListRouter.swift; sourceTree = "<group>"; };
		A36091D728742F32001D65D7 /* Configuration.swift */ = {isa = PBXFileReference; lastKnownFileType = sourcecode.swift; path = Configuration.swift; sourceTree = "<group>"; };
		A36091DC2876DA0B001D65D7 /* DetailsCountryViewController.swift */ = {isa = PBXFileReference; lastKnownFileType = sourcecode.swift; path = DetailsCountryViewController.swift; sourceTree = "<group>"; };
		A36091DE2876DA4A001D65D7 /* DetailsCountryInteractor.swift */ = {isa = PBXFileReference; lastKnownFileType = sourcecode.swift; path = DetailsCountryInteractor.swift; sourceTree = "<group>"; };
		A36091E02876DA59001D65D7 /* DetailsCountryPresenter.swift */ = {isa = PBXFileReference; lastKnownFileType = sourcecode.swift; path = DetailsCountryPresenter.swift; sourceTree = "<group>"; };
		A36091E22876DA6E001D65D7 /* DetailsCountryRouter.swift */ = {isa = PBXFileReference; lastKnownFileType = sourcecode.swift; path = DetailsCountryRouter.swift; sourceTree = "<group>"; };
		A36091E42876DA82001D65D7 /* DetailsCountryAssembly.swift */ = {isa = PBXFileReference; lastKnownFileType = sourcecode.swift; path = DetailsCountryAssembly.swift; sourceTree = "<group>"; };
		A3AF9A81286D937300012648 /* CountryParser.swift */ = {isa = PBXFileReference; lastKnownFileType = sourcecode.swift; path = CountryParser.swift; sourceTree = "<group>"; };
		A3AF9A83286D951100012648 /* CountryListAssembly.swift */ = {isa = PBXFileReference; lastKnownFileType = sourcecode.swift; path = CountryListAssembly.swift; sourceTree = "<group>"; };
		A3AF9A85286D97B900012648 /* CountryInfo.swift */ = {isa = PBXFileReference; lastKnownFileType = sourcecode.swift; path = CountryInfo.swift; sourceTree = "<group>"; };
		A3AF9A87286D983F00012648 /* ListParser.swift */ = {isa = PBXFileReference; lastKnownFileType = sourcecode.swift; path = ListParser.swift; sourceTree = "<group>"; };
		A3AF9A89286DBB9300012648 /* CountryInfoParser.swift */ = {isa = PBXFileReference; lastKnownFileType = sourcecode.swift; path = CountryInfoParser.swift; sourceTree = "<group>"; };
		A3AF9A8B286E0B5E00012648 /* CountryListTableViewCell.swift */ = {isa = PBXFileReference; lastKnownFileType = sourcecode.swift; path = CountryListTableViewCell.swift; sourceTree = "<group>"; };
		A3AF9A8E286F397200012648 /* page1.json */ = {isa = PBXFileReference; lastKnownFileType = text.json; path = page1.json; sourceTree = "<group>"; };
		A3AF9A972872DFBF00012648 /* CountryListModels.swift */ = {isa = PBXFileReference; lastKnownFileType = sourcecode.swift; path = CountryListModels.swift; sourceTree = "<group>"; };
/* End PBXFileReference section */

/* Begin PBXFrameworksBuildPhase section */
		A30A5298286C630600781055 /* Frameworks */ = {
			isa = PBXFrameworksBuildPhase;
			buildActionMask = 2147483647;
			files = (
				A30A52DC286C6B6400781055 /* SnapKit in Frameworks */,
				A30A52D9286C6AED00781055 /* SwiftyJSON in Frameworks */,
				A30A52D3286C687800781055 /* Kingfisher in Frameworks */,
			);
			runOnlyForDeploymentPostprocessing = 0;
		};
		A30A52B1286C630900781055 /* Frameworks */ = {
			isa = PBXFrameworksBuildPhase;
			buildActionMask = 2147483647;
			files = (
			);
			runOnlyForDeploymentPostprocessing = 0;
		};
		A30A52BB286C630900781055 /* Frameworks */ = {
			isa = PBXFrameworksBuildPhase;
			buildActionMask = 2147483647;
			files = (
			);
			runOnlyForDeploymentPostprocessing = 0;
		};
/* End PBXFrameworksBuildPhase section */

/* Begin PBXGroup section */
		A30A5292286C630600781055 = {
			isa = PBXGroup;
			children = (
				A30A529D286C630600781055 /* FlatstackPractice */,
				A30A52B7286C630900781055 /* FlatstackPracticeTests */,
				A30A52C1286C630900781055 /* FlatstackPracticeUITests */,
				A30A529C286C630600781055 /* Products */,
			);
			sourceTree = "<group>";
		};
		A30A529C286C630600781055 /* Products */ = {
			isa = PBXGroup;
			children = (
				A30A529B286C630600781055 /* FlatstackPractice.app */,
				A30A52B4286C630900781055 /* FlatstackPracticeTests.xctest */,
				A30A52BE286C630900781055 /* FlatstackPracticeUITests.xctest */,
			);
			name = Products;
			sourceTree = "<group>";
		};
		A30A529D286C630600781055 /* FlatstackPractice */ = {
			isa = PBXGroup;
			children = (
				A36091D628742F21001D65D7 /* Configurations */,
				A3AF9A80286D934D00012648 /* Parsers */,
				A30A52E3286C6F6E00781055 /* Scenes */,
				A30A52E2286C6D3F00781055 /* Resources */,
				A30A52DF286C6CE400781055 /* Services */,
				A30A52D4286C68C100781055 /* Models */,
				A30A529E286C630600781055 /* AppDelegate.swift */,
				A30A52A0286C630600781055 /* SceneDelegate.swift */,
			);
			path = FlatstackPractice;
			sourceTree = "<group>";
		};
		A30A52B7286C630900781055 /* FlatstackPracticeTests */ = {
			isa = PBXGroup;
			children = (
				A30A52B8286C630900781055 /* FlatstackPracticeTests.swift */,
			);
			path = FlatstackPracticeTests;
			sourceTree = "<group>";
		};
		A30A52C1286C630900781055 /* FlatstackPracticeUITests */ = {
			isa = PBXGroup;
			children = (
				A30A52C2286C630900781055 /* FlatstackPracticeUITests.swift */,
				A30A52C4286C630900781055 /* FlatstackPracticeUITestsLaunchTests.swift */,
			);
			path = FlatstackPracticeUITests;
			sourceTree = "<group>";
		};
		A30A52D4286C68C100781055 /* Models */ = {
			isa = PBXGroup;
			children = (
				A30A52D5286C697700781055 /* Country.swift */,
				A3AF9A85286D97B900012648 /* CountryInfo.swift */,
				A30A52DD286C6B9200781055 /* CountryList.swift */,
			);
			path = Models;
			sourceTree = "<group>";
		};
		A30A52DF286C6CE400781055 /* Services */ = {
			isa = PBXGroup;
			children = (
				A30A52E0286C6CFB00781055 /* CountryService.swift */,
			);
			path = Services;
			sourceTree = "<group>";
		};
		A30A52E2286C6D3F00781055 /* Resources */ = {
			isa = PBXGroup;
			children = (
				A30A52AF286C630800781055 /* Info.plist */,
				A30A52AA286C630800781055 /* Assets.xcassets */,
				A30A52AC286C630800781055 /* LaunchScreen.storyboard */,
				A30A52A7286C630600781055 /* FlatstackPractice.xcdatamodeld */,
				A3AF9A8E286F397200012648 /* page1.json */,
			);
			path = Resources;
			sourceTree = "<group>";
		};
		A30A52E3286C6F6E00781055 /* Scenes */ = {
			isa = PBXGroup;
			children = (
				A36091DB2876D9C3001D65D7 /* DetailsCountryModule */,
				A30A52E4286C6FAF00781055 /* CountryListModule */,
			);
			path = Scenes;
			sourceTree = "<group>";
		};
		A30A52E4286C6FAF00781055 /* CountryListModule */ = {
			isa = PBXGroup;
			children = (
				A30A52E5286C6FE400781055 /* CountryListInteractor.swift */,
				A30A52E7286C6FFB00781055 /* CountryListPresenter.swift */,
				A30A52E9286C702400781055 /* CountryListRouter.swift */,
				A30A52A2286C630600781055 /* CountryListViewController.swift */,
				A3AF9A83286D951100012648 /* CountryListAssembly.swift */,
				A3AF9A8B286E0B5E00012648 /* CountryListTableViewCell.swift */,
				A3AF9A972872DFBF00012648 /* CountryListModels.swift */,
			);
			path = CountryListModule;
			sourceTree = "<group>";
		};
		A36091D628742F21001D65D7 /* Configurations */ = {
			isa = PBXGroup;
			children = (
				A36091D728742F32001D65D7 /* Configuration.swift */,
			);
			path = Configurations;
			sourceTree = "<group>";
		};
		A36091DB2876D9C3001D65D7 /* DetailsCountryModule */ = {
			isa = PBXGroup;
			children = (
				A36091DC2876DA0B001D65D7 /* DetailsCountryViewController.swift */,
				A36091DE2876DA4A001D65D7 /* DetailsCountryInteractor.swift */,
				A36091E02876DA59001D65D7 /* DetailsCountryPresenter.swift */,
				A36091E22876DA6E001D65D7 /* DetailsCountryRouter.swift */,
				A36091E42876DA82001D65D7 /* DetailsCountryAssembly.swift */,
			);
			path = DetailsCountryModule;
			sourceTree = "<group>";
		};
		A3AF9A80286D934D00012648 /* Parsers */ = {
			isa = PBXGroup;
			children = (
				A3AF9A89286DBB9300012648 /* CountryInfoParser.swift */,
				A3AF9A81286D937300012648 /* CountryParser.swift */,
				A3AF9A87286D983F00012648 /* ListParser.swift */,
			);
			path = Parsers;
			sourceTree = "<group>";
		};
/* End PBXGroup section */

/* Begin PBXNativeTarget section */
		A30A529A286C630600781055 /* FlatstackPractice */ = {
			isa = PBXNativeTarget;
			buildConfigurationList = A30A52C8286C630900781055 /* Build configuration list for PBXNativeTarget "FlatstackPractice" */;
			buildPhases = (
				A30A5297286C630600781055 /* Sources */,
				A30A5298286C630600781055 /* Frameworks */,
				A30A5299286C630600781055 /* Resources */,
			);
			buildRules = (
			);
			dependencies = (
			);
			name = FlatstackPractice;
			packageProductDependencies = (
				A30A52D2286C687800781055 /* Kingfisher */,
				A30A52D8286C6AED00781055 /* SwiftyJSON */,
				A30A52DB286C6B6400781055 /* SnapKit */,
			);
			productName = FlatstackPractice;
			productReference = A30A529B286C630600781055 /* FlatstackPractice.app */;
			productType = "com.apple.product-type.application";
		};
		A30A52B3286C630900781055 /* FlatstackPracticeTests */ = {
			isa = PBXNativeTarget;
			buildConfigurationList = A30A52CB286C630900781055 /* Build configuration list for PBXNativeTarget "FlatstackPracticeTests" */;
			buildPhases = (
				A30A52B0286C630900781055 /* Sources */,
				A30A52B1286C630900781055 /* Frameworks */,
				A30A52B2286C630900781055 /* Resources */,
			);
			buildRules = (
			);
			dependencies = (
				A30A52B6286C630900781055 /* PBXTargetDependency */,
			);
			name = FlatstackPracticeTests;
			productName = FlatstackPracticeTests;
			productReference = A30A52B4286C630900781055 /* FlatstackPracticeTests.xctest */;
			productType = "com.apple.product-type.bundle.unit-test";
		};
		A30A52BD286C630900781055 /* FlatstackPracticeUITests */ = {
			isa = PBXNativeTarget;
			buildConfigurationList = A30A52CE286C630900781055 /* Build configuration list for PBXNativeTarget "FlatstackPracticeUITests" */;
			buildPhases = (
				A30A52BA286C630900781055 /* Sources */,
				A30A52BB286C630900781055 /* Frameworks */,
				A30A52BC286C630900781055 /* Resources */,
			);
			buildRules = (
			);
			dependencies = (
				A30A52C0286C630900781055 /* PBXTargetDependency */,
			);
			name = FlatstackPracticeUITests;
			productName = FlatstackPracticeUITests;
			productReference = A30A52BE286C630900781055 /* FlatstackPracticeUITests.xctest */;
			productType = "com.apple.product-type.bundle.ui-testing";
		};
/* End PBXNativeTarget section */

/* Begin PBXProject section */
		A30A5293286C630600781055 /* Project object */ = {
			isa = PBXProject;
			attributes = {
				BuildIndependentTargetsInParallel = 1;
				LastSwiftUpdateCheck = 1340;
				LastUpgradeCheck = 1340;
				TargetAttributes = {
					A30A529A286C630600781055 = {
						CreatedOnToolsVersion = 13.4.1;
					};
					A30A52B3286C630900781055 = {
						CreatedOnToolsVersion = 13.4.1;
						TestTargetID = A30A529A286C630600781055;
					};
					A30A52BD286C630900781055 = {
						CreatedOnToolsVersion = 13.4.1;
						TestTargetID = A30A529A286C630600781055;
					};
				};
			};
			buildConfigurationList = A30A5296286C630600781055 /* Build configuration list for PBXProject "FlatstackPractice" */;
			compatibilityVersion = "Xcode 13.0";
			developmentRegion = en;
			hasScannedForEncodings = 0;
			knownRegions = (
				en,
				Base,
			);
			mainGroup = A30A5292286C630600781055;
			packageReferences = (
				A30A52D1286C687800781055 /* XCRemoteSwiftPackageReference "Kingfisher" */,
				A30A52D7286C6AED00781055 /* XCRemoteSwiftPackageReference "SwiftyJSON" */,
				A30A52DA286C6B6400781055 /* XCRemoteSwiftPackageReference "SnapKit" */,
			);
			productRefGroup = A30A529C286C630600781055 /* Products */;
			projectDirPath = "";
			projectRoot = "";
			targets = (
				A30A529A286C630600781055 /* FlatstackPractice */,
				A30A52B3286C630900781055 /* FlatstackPracticeTests */,
				A30A52BD286C630900781055 /* FlatstackPracticeUITests */,
			);
		};
/* End PBXProject section */

/* Begin PBXResourcesBuildPhase section */
		A30A5299286C630600781055 /* Resources */ = {
			isa = PBXResourcesBuildPhase;
			buildActionMask = 2147483647;
			files = (
				A30A52AE286C630800781055 /* LaunchScreen.storyboard in Resources */,
				A30A52AB286C630800781055 /* Assets.xcassets in Resources */,
				A3AF9A8F286F397200012648 /* page1.json in Resources */,
			);
			runOnlyForDeploymentPostprocessing = 0;
		};
		A30A52B2286C630900781055 /* Resources */ = {
			isa = PBXResourcesBuildPhase;
			buildActionMask = 2147483647;
			files = (
			);
			runOnlyForDeploymentPostprocessing = 0;
		};
		A30A52BC286C630900781055 /* Resources */ = {
			isa = PBXResourcesBuildPhase;
			buildActionMask = 2147483647;
			files = (
			);
			runOnlyForDeploymentPostprocessing = 0;
		};
/* End PBXResourcesBuildPhase section */

/* Begin PBXSourcesBuildPhase section */
		A30A5297286C630600781055 /* Sources */ = {
			isa = PBXSourcesBuildPhase;
			buildActionMask = 2147483647;
			files = (
				A30A52E1286C6CFB00781055 /* CountryService.swift in Sources */,
				A30A52E6286C6FE400781055 /* CountryListInteractor.swift in Sources */,
				A3AF9A982872DFBF00012648 /* CountryListModels.swift in Sources */,
				A3AF9A86286D97B900012648 /* CountryInfo.swift in Sources */,
				A30A52A3286C630600781055 /* CountryListViewController.swift in Sources */,
				A3AF9A84286D951100012648 /* CountryListAssembly.swift in Sources */,
				A3AF9A82286D937300012648 /* CountryParser.swift in Sources */,
				A30A52EA286C702400781055 /* CountryListRouter.swift in Sources */,
				A30A529F286C630600781055 /* AppDelegate.swift in Sources */,
				A3AF9A88286D983F00012648 /* ListParser.swift in Sources */,
				A30A52DE286C6B9200781055 /* CountryList.swift in Sources */,
				A30A52A9286C630600781055 /* FlatstackPractice.xcdatamodeld in Sources */,
				A36091E32876DA6E001D65D7 /* DetailsCountryRouter.swift in Sources */,
				A36091D828742F32001D65D7 /* Configuration.swift in Sources */,
				A30A52A1286C630600781055 /* SceneDelegate.swift in Sources */,
				A3AF9A8C286E0B5F00012648 /* CountryListTableViewCell.swift in Sources */,
				A30A52D6286C697700781055 /* Country.swift in Sources */,
				A36091E12876DA59001D65D7 /* DetailsCountryPresenter.swift in Sources */,
				A36091E52876DA82001D65D7 /* DetailsCountryAssembly.swift in Sources */,
				A30A52E8286C6FFB00781055 /* CountryListPresenter.swift in Sources */,
				A36091DD2876DA0B001D65D7 /* DetailsCountryViewController.swift in Sources */,
				A36091DF2876DA4A001D65D7 /* DetailsCountryInteractor.swift in Sources */,
				A3AF9A8A286DBB9300012648 /* CountryInfoParser.swift in Sources */,
			);
			runOnlyForDeploymentPostprocessing = 0;
		};
		A30A52B0286C630900781055 /* Sources */ = {
			isa = PBXSourcesBuildPhase;
			buildActionMask = 2147483647;
			files = (
				A30A52B9286C630900781055 /* FlatstackPracticeTests.swift in Sources */,
			);
			runOnlyForDeploymentPostprocessing = 0;
		};
		A30A52BA286C630900781055 /* Sources */ = {
			isa = PBXSourcesBuildPhase;
			buildActionMask = 2147483647;
			files = (
				A30A52C3286C630900781055 /* FlatstackPracticeUITests.swift in Sources */,
				A30A52C5286C630900781055 /* FlatstackPracticeUITestsLaunchTests.swift in Sources */,
			);
			runOnlyForDeploymentPostprocessing = 0;
		};
/* End PBXSourcesBuildPhase section */

/* Begin PBXTargetDependency section */
		A30A52B6286C630900781055 /* PBXTargetDependency */ = {
			isa = PBXTargetDependency;
			target = A30A529A286C630600781055 /* FlatstackPractice */;
			targetProxy = A30A52B5286C630900781055 /* PBXContainerItemProxy */;
		};
		A30A52C0286C630900781055 /* PBXTargetDependency */ = {
			isa = PBXTargetDependency;
			target = A30A529A286C630600781055 /* FlatstackPractice */;
			targetProxy = A30A52BF286C630900781055 /* PBXContainerItemProxy */;
		};
/* End PBXTargetDependency section */

/* Begin PBXVariantGroup section */
		A30A52AC286C630800781055 /* LaunchScreen.storyboard */ = {
			isa = PBXVariantGroup;
			children = (
				A30A52AD286C630800781055 /* Base */,
			);
			name = LaunchScreen.storyboard;
			sourceTree = "<group>";
		};
/* End PBXVariantGroup section */

/* Begin XCBuildConfiguration section */
		A30A52C6286C630900781055 /* Debug */ = {
			isa = XCBuildConfiguration;
			buildSettings = {
				ALWAYS_SEARCH_USER_PATHS = NO;
				CLANG_ANALYZER_NONNULL = YES;
				CLANG_ANALYZER_NUMBER_OBJECT_CONVERSION = YES_AGGRESSIVE;
				CLANG_CXX_LANGUAGE_STANDARD = "gnu++17";
				CLANG_ENABLE_MODULES = YES;
				CLANG_ENABLE_OBJC_ARC = YES;
				CLANG_ENABLE_OBJC_WEAK = YES;
				CLANG_WARN_BLOCK_CAPTURE_AUTORELEASING = YES;
				CLANG_WARN_BOOL_CONVERSION = YES;
				CLANG_WARN_COMMA = YES;
				CLANG_WARN_CONSTANT_CONVERSION = YES;
				CLANG_WARN_DEPRECATED_OBJC_IMPLEMENTATIONS = YES;
				CLANG_WARN_DIRECT_OBJC_ISA_USAGE = YES_ERROR;
				CLANG_WARN_DOCUMENTATION_COMMENTS = YES;
				CLANG_WARN_EMPTY_BODY = YES;
				CLANG_WARN_ENUM_CONVERSION = YES;
				CLANG_WARN_INFINITE_RECURSION = YES;
				CLANG_WARN_INT_CONVERSION = YES;
				CLANG_WARN_NON_LITERAL_NULL_CONVERSION = YES;
				CLANG_WARN_OBJC_IMPLICIT_RETAIN_SELF = YES;
				CLANG_WARN_OBJC_LITERAL_CONVERSION = YES;
				CLANG_WARN_OBJC_ROOT_CLASS = YES_ERROR;
				CLANG_WARN_QUOTED_INCLUDE_IN_FRAMEWORK_HEADER = YES;
				CLANG_WARN_RANGE_LOOP_ANALYSIS = YES;
				CLANG_WARN_STRICT_PROTOTYPES = YES;
				CLANG_WARN_SUSPICIOUS_MOVE = YES;
				CLANG_WARN_UNGUARDED_AVAILABILITY = YES_AGGRESSIVE;
				CLANG_WARN_UNREACHABLE_CODE = YES;
				CLANG_WARN__DUPLICATE_METHOD_MATCH = YES;
				COPY_PHASE_STRIP = NO;
				DEBUG_INFORMATION_FORMAT = dwarf;
				ENABLE_STRICT_OBJC_MSGSEND = YES;
				ENABLE_TESTABILITY = YES;
				GCC_C_LANGUAGE_STANDARD = gnu11;
				GCC_DYNAMIC_NO_PIC = NO;
				GCC_NO_COMMON_BLOCKS = YES;
				GCC_OPTIMIZATION_LEVEL = 0;
				GCC_PREPROCESSOR_DEFINITIONS = (
					"DEBUG=1",
					"$(inherited)",
				);
				GCC_WARN_64_TO_32_BIT_CONVERSION = YES;
				GCC_WARN_ABOUT_RETURN_TYPE = YES_ERROR;
				GCC_WARN_UNDECLARED_SELECTOR = YES;
				GCC_WARN_UNINITIALIZED_AUTOS = YES_AGGRESSIVE;
				GCC_WARN_UNUSED_FUNCTION = YES;
				GCC_WARN_UNUSED_VARIABLE = YES;
				IPHONEOS_DEPLOYMENT_TARGET = 15.5;
				MTL_ENABLE_DEBUG_INFO = INCLUDE_SOURCE;
				MTL_FAST_MATH = YES;
				ONLY_ACTIVE_ARCH = YES;
				SDKROOT = iphoneos;
				SWIFT_ACTIVE_COMPILATION_CONDITIONS = DEBUG;
				SWIFT_OPTIMIZATION_LEVEL = "-Onone";
			};
			name = Debug;
		};
		A30A52C7286C630900781055 /* Release */ = {
			isa = XCBuildConfiguration;
			buildSettings = {
				ALWAYS_SEARCH_USER_PATHS = NO;
				CLANG_ANALYZER_NONNULL = YES;
				CLANG_ANALYZER_NUMBER_OBJECT_CONVERSION = YES_AGGRESSIVE;
				CLANG_CXX_LANGUAGE_STANDARD = "gnu++17";
				CLANG_ENABLE_MODULES = YES;
				CLANG_ENABLE_OBJC_ARC = YES;
				CLANG_ENABLE_OBJC_WEAK = YES;
				CLANG_WARN_BLOCK_CAPTURE_AUTORELEASING = YES;
				CLANG_WARN_BOOL_CONVERSION = YES;
				CLANG_WARN_COMMA = YES;
				CLANG_WARN_CONSTANT_CONVERSION = YES;
				CLANG_WARN_DEPRECATED_OBJC_IMPLEMENTATIONS = YES;
				CLANG_WARN_DIRECT_OBJC_ISA_USAGE = YES_ERROR;
				CLANG_WARN_DOCUMENTATION_COMMENTS = YES;
				CLANG_WARN_EMPTY_BODY = YES;
				CLANG_WARN_ENUM_CONVERSION = YES;
				CLANG_WARN_INFINITE_RECURSION = YES;
				CLANG_WARN_INT_CONVERSION = YES;
				CLANG_WARN_NON_LITERAL_NULL_CONVERSION = YES;
				CLANG_WARN_OBJC_IMPLICIT_RETAIN_SELF = YES;
				CLANG_WARN_OBJC_LITERAL_CONVERSION = YES;
				CLANG_WARN_OBJC_ROOT_CLASS = YES_ERROR;
				CLANG_WARN_QUOTED_INCLUDE_IN_FRAMEWORK_HEADER = YES;
				CLANG_WARN_RANGE_LOOP_ANALYSIS = YES;
				CLANG_WARN_STRICT_PROTOTYPES = YES;
				CLANG_WARN_SUSPICIOUS_MOVE = YES;
				CLANG_WARN_UNGUARDED_AVAILABILITY = YES_AGGRESSIVE;
				CLANG_WARN_UNREACHABLE_CODE = YES;
				CLANG_WARN__DUPLICATE_METHOD_MATCH = YES;
				COPY_PHASE_STRIP = NO;
				DEBUG_INFORMATION_FORMAT = "dwarf-with-dsym";
				ENABLE_NS_ASSERTIONS = NO;
				ENABLE_STRICT_OBJC_MSGSEND = YES;
				GCC_C_LANGUAGE_STANDARD = gnu11;
				GCC_NO_COMMON_BLOCKS = YES;
				GCC_WARN_64_TO_32_BIT_CONVERSION = YES;
				GCC_WARN_ABOUT_RETURN_TYPE = YES_ERROR;
				GCC_WARN_UNDECLARED_SELECTOR = YES;
				GCC_WARN_UNINITIALIZED_AUTOS = YES_AGGRESSIVE;
				GCC_WARN_UNUSED_FUNCTION = YES;
				GCC_WARN_UNUSED_VARIABLE = YES;
				IPHONEOS_DEPLOYMENT_TARGET = 15.5;
				MTL_ENABLE_DEBUG_INFO = NO;
				MTL_FAST_MATH = YES;
				SDKROOT = iphoneos;
				SWIFT_COMPILATION_MODE = wholemodule;
				SWIFT_OPTIMIZATION_LEVEL = "-O";
				VALIDATE_PRODUCT = YES;
			};
			name = Release;
		};
		A30A52C9286C630900781055 /* Debug */ = {
			isa = XCBuildConfiguration;
			buildSettings = {
				ASSETCATALOG_COMPILER_APPICON_NAME = AppIcon;
				ASSETCATALOG_COMPILER_GLOBAL_ACCENT_COLOR_NAME = AccentColor;
				CODE_SIGN_STYLE = Automatic;
				CURRENT_PROJECT_VERSION = 1;
				DEVELOPMENT_TEAM = SB3B62C7R7;
				GENERATE_INFOPLIST_FILE = YES;
				INFOPLIST_FILE = FlatstackPractice/Resources/Info.plist;
				INFOPLIST_KEY_UIApplicationSupportsIndirectInputEvents = YES;
				INFOPLIST_KEY_UILaunchStoryboardName = LaunchScreen;
				INFOPLIST_KEY_UISupportedInterfaceOrientations_iPad = "UIInterfaceOrientationPortrait UIInterfaceOrientationPortraitUpsideDown UIInterfaceOrientationLandscapeLeft UIInterfaceOrientationLandscapeRight";
				INFOPLIST_KEY_UISupportedInterfaceOrientations_iPhone = "UIInterfaceOrientationPortrait UIInterfaceOrientationLandscapeLeft UIInterfaceOrientationLandscapeRight";
				IPHONEOS_DEPLOYMENT_TARGET = 13.0;
				LD_RUNPATH_SEARCH_PATHS = (
					"$(inherited)",
					"@executable_path/Frameworks",
				);
				MARKETING_VERSION = 1.0;
				PRODUCT_BUNDLE_IDENTIFIER = itis.FlatstackPractice;
				PRODUCT_NAME = "$(TARGET_NAME)";
				SWIFT_EMIT_LOC_STRINGS = YES;
				SWIFT_VERSION = 5.0;
				TARGETED_DEVICE_FAMILY = "1,2";
			};
			name = Debug;
		};
		A30A52CA286C630900781055 /* Release */ = {
			isa = XCBuildConfiguration;
			buildSettings = {
				ASSETCATALOG_COMPILER_APPICON_NAME = AppIcon;
				ASSETCATALOG_COMPILER_GLOBAL_ACCENT_COLOR_NAME = AccentColor;
				CODE_SIGN_STYLE = Automatic;
				CURRENT_PROJECT_VERSION = 1;
				DEVELOPMENT_TEAM = SB3B62C7R7;
				GENERATE_INFOPLIST_FILE = YES;
				INFOPLIST_FILE = FlatstackPractice/Resources/Info.plist;
				INFOPLIST_KEY_UIApplicationSupportsIndirectInputEvents = YES;
				INFOPLIST_KEY_UILaunchStoryboardName = LaunchScreen;
				INFOPLIST_KEY_UISupportedInterfaceOrientations_iPad = "UIInterfaceOrientationPortrait UIInterfaceOrientationPortraitUpsideDown UIInterfaceOrientationLandscapeLeft UIInterfaceOrientationLandscapeRight";
				INFOPLIST_KEY_UISupportedInterfaceOrientations_iPhone = "UIInterfaceOrientationPortrait UIInterfaceOrientationLandscapeLeft UIInterfaceOrientationLandscapeRight";
				IPHONEOS_DEPLOYMENT_TARGET = 13.0;
				LD_RUNPATH_SEARCH_PATHS = (
					"$(inherited)",
					"@executable_path/Frameworks",
				);
				MARKETING_VERSION = 1.0;
				PRODUCT_BUNDLE_IDENTIFIER = itis.FlatstackPractice;
				PRODUCT_NAME = "$(TARGET_NAME)";
				SWIFT_EMIT_LOC_STRINGS = YES;
				SWIFT_VERSION = 5.0;
				TARGETED_DEVICE_FAMILY = "1,2";
			};
			name = Release;
		};
		A30A52CC286C630900781055 /* Debug */ = {
			isa = XCBuildConfiguration;
			buildSettings = {
				ALWAYS_EMBED_SWIFT_STANDARD_LIBRARIES = YES;
				BUNDLE_LOADER = "$(TEST_HOST)";
				CODE_SIGN_STYLE = Automatic;
				CURRENT_PROJECT_VERSION = 1;
				DEVELOPMENT_TEAM = SB3B62C7R7;
				GENERATE_INFOPLIST_FILE = YES;
				IPHONEOS_DEPLOYMENT_TARGET = 15.5;
				MARKETING_VERSION = 1.0;
				PRODUCT_BUNDLE_IDENTIFIER = itis.FlatstackPracticeTests;
				PRODUCT_NAME = "$(TARGET_NAME)";
				SWIFT_EMIT_LOC_STRINGS = NO;
				SWIFT_VERSION = 5.0;
				TARGETED_DEVICE_FAMILY = "1,2";
				TEST_HOST = "$(BUILT_PRODUCTS_DIR)/FlatstackPractice.app/FlatstackPractice";
			};
			name = Debug;
		};
		A30A52CD286C630900781055 /* Release */ = {
			isa = XCBuildConfiguration;
			buildSettings = {
				ALWAYS_EMBED_SWIFT_STANDARD_LIBRARIES = YES;
				BUNDLE_LOADER = "$(TEST_HOST)";
				CODE_SIGN_STYLE = Automatic;
				CURRENT_PROJECT_VERSION = 1;
				DEVELOPMENT_TEAM = SB3B62C7R7;
				GENERATE_INFOPLIST_FILE = YES;
				IPHONEOS_DEPLOYMENT_TARGET = 15.5;
				MARKETING_VERSION = 1.0;
				PRODUCT_BUNDLE_IDENTIFIER = itis.FlatstackPracticeTests;
				PRODUCT_NAME = "$(TARGET_NAME)";
				SWIFT_EMIT_LOC_STRINGS = NO;
				SWIFT_VERSION = 5.0;
				TARGETED_DEVICE_FAMILY = "1,2";
				TEST_HOST = "$(BUILT_PRODUCTS_DIR)/FlatstackPractice.app/FlatstackPractice";
			};
			name = Release;
		};
		A30A52CF286C630900781055 /* Debug */ = {
			isa = XCBuildConfiguration;
			buildSettings = {
				ALWAYS_EMBED_SWIFT_STANDARD_LIBRARIES = YES;
				CODE_SIGN_STYLE = Automatic;
				CURRENT_PROJECT_VERSION = 1;
				DEVELOPMENT_TEAM = SB3B62C7R7;
				GENERATE_INFOPLIST_FILE = YES;
				MARKETING_VERSION = 1.0;
				PRODUCT_BUNDLE_IDENTIFIER = itis.FlatstackPracticeUITests;
				PRODUCT_NAME = "$(TARGET_NAME)";
				SWIFT_EMIT_LOC_STRINGS = NO;
				SWIFT_VERSION = 5.0;
				TARGETED_DEVICE_FAMILY = "1,2";
				TEST_TARGET_NAME = FlatstackPractice;
			};
			name = Debug;
		};
		A30A52D0286C630900781055 /* Release */ = {
			isa = XCBuildConfiguration;
			buildSettings = {
				ALWAYS_EMBED_SWIFT_STANDARD_LIBRARIES = YES;
				CODE_SIGN_STYLE = Automatic;
				CURRENT_PROJECT_VERSION = 1;
				DEVELOPMENT_TEAM = SB3B62C7R7;
				GENERATE_INFOPLIST_FILE = YES;
				MARKETING_VERSION = 1.0;
				PRODUCT_BUNDLE_IDENTIFIER = itis.FlatstackPracticeUITests;
				PRODUCT_NAME = "$(TARGET_NAME)";
				SWIFT_EMIT_LOC_STRINGS = NO;
				SWIFT_VERSION = 5.0;
				TARGETED_DEVICE_FAMILY = "1,2";
				TEST_TARGET_NAME = FlatstackPractice;
			};
			name = Release;
		};
/* End XCBuildConfiguration section */

/* Begin XCConfigurationList section */
		A30A5296286C630600781055 /* Build configuration list for PBXProject "FlatstackPractice" */ = {
			isa = XCConfigurationList;
			buildConfigurations = (
				A30A52C6286C630900781055 /* Debug */,
				A30A52C7286C630900781055 /* Release */,
			);
			defaultConfigurationIsVisible = 0;
			defaultConfigurationName = Release;
		};
		A30A52C8286C630900781055 /* Build configuration list for PBXNativeTarget "FlatstackPractice" */ = {
			isa = XCConfigurationList;
			buildConfigurations = (
				A30A52C9286C630900781055 /* Debug */,
				A30A52CA286C630900781055 /* Release */,
			);
			defaultConfigurationIsVisible = 0;
			defaultConfigurationName = Release;
		};
		A30A52CB286C630900781055 /* Build configuration list for PBXNativeTarget "FlatstackPracticeTests" */ = {
			isa = XCConfigurationList;
			buildConfigurations = (
				A30A52CC286C630900781055 /* Debug */,
				A30A52CD286C630900781055 /* Release */,
			);
			defaultConfigurationIsVisible = 0;
			defaultConfigurationName = Release;
		};
		A30A52CE286C630900781055 /* Build configuration list for PBXNativeTarget "FlatstackPracticeUITests" */ = {
			isa = XCConfigurationList;
			buildConfigurations = (
				A30A52CF286C630900781055 /* Debug */,
				A30A52D0286C630900781055 /* Release */,
			);
			defaultConfigurationIsVisible = 0;
			defaultConfigurationName = Release;
		};
/* End XCConfigurationList section */

/* Begin XCRemoteSwiftPackageReference section */
		A30A52D1286C687800781055 /* XCRemoteSwiftPackageReference "Kingfisher" */ = {
			isa = XCRemoteSwiftPackageReference;
			repositoryURL = "https://github.com/onevcat/Kingfisher";
			requirement = {
				kind = upToNextMajorVersion;
				minimumVersion = 7.0.0;
			};
		};
		A30A52D7286C6AED00781055 /* XCRemoteSwiftPackageReference "SwiftyJSON" */ = {
			isa = XCRemoteSwiftPackageReference;
			repositoryURL = "https://github.com/SwiftyJSON/SwiftyJSON";
			requirement = {
				kind = upToNextMajorVersion;
				minimumVersion = 5.0.0;
			};
		};
		A30A52DA286C6B6400781055 /* XCRemoteSwiftPackageReference "SnapKit" */ = {
			isa = XCRemoteSwiftPackageReference;
			repositoryURL = "https://github.com/SnapKit/SnapKit";
			requirement = {
				kind = upToNextMajorVersion;
				minimumVersion = 5.0.0;
			};
		};
/* End XCRemoteSwiftPackageReference section */

/* Begin XCSwiftPackageProductDependency section */
		A30A52D2286C687800781055 /* Kingfisher */ = {
			isa = XCSwiftPackageProductDependency;
			package = A30A52D1286C687800781055 /* XCRemoteSwiftPackageReference "Kingfisher" */;
			productName = Kingfisher;
		};
		A30A52D8286C6AED00781055 /* SwiftyJSON */ = {
			isa = XCSwiftPackageProductDependency;
			package = A30A52D7286C6AED00781055 /* XCRemoteSwiftPackageReference "SwiftyJSON" */;
			productName = SwiftyJSON;
		};
		A30A52DB286C6B6400781055 /* SnapKit */ = {
			isa = XCSwiftPackageProductDependency;
			package = A30A52DA286C6B6400781055 /* XCRemoteSwiftPackageReference "SnapKit" */;
			productName = SnapKit;
		};
/* End XCSwiftPackageProductDependency section */

/* Begin XCVersionGroup section */
		A30A52A7286C630600781055 /* FlatstackPractice.xcdatamodeld */ = {
			isa = XCVersionGroup;
			children = (
				A30A52A8286C630600781055 /* FlatstackPractice.xcdatamodel */,
			);
			currentVersion = A30A52A8286C630600781055 /* FlatstackPractice.xcdatamodel */;
			path = FlatstackPractice.xcdatamodeld;
			sourceTree = "<group>";
			versionGroupType = wrapper.xcdatamodel;
		};
/* End XCVersionGroup section */
	};
	rootObject = A30A5293286C630600781055 /* Project object */;
}
